{
    "name": "hugo-shortcode-syntax",
    "version": "1.0.0",
    "lockfileVersion": 3,
    "requires": true,
    "packages": {
        "": {
            "name": "hugo-shortcode-syntax",
            "version": "1.0.0",
            "devDependencies": {
                "@types/vscode": "^1.41.1",
                "typescript": "^5.4.3"
            },
            "engines": {
                "vscode": "^1.41.1"
            }
        },
        "node_modules/@types/vscode": {
            "version": "1.87.0",
            "resolved": "https://registry.npmjs.org/@types/vscode/-/vscode-1.87.0.tgz",
            "integrity": "sha512-y3yYJV2esWr8LNjp3VNbSMWG7Y43jC8pCldG8YwiHGAQbsymkkMMt0aDT1xZIOFM2eFcNiUc+dJMx1+Z0UT8fg==",
            "dev": true
        },
        "node_modules/typescript": {
            "version": "5.4.3",
            "resolved": "https://registry.npmjs.org/typescript/-/typescript-5.4.3.tgz",
            "integrity": "sha512-KrPd3PKaCLr78MalgiwJnA25Nm8HAmdwN3mYUYZgG/wizIo9EainNVQI9/yDavtVFRN2h3k8uf3GLHuhDMgEHg==",
            "dev": true,
            "bin": {
                "tsc": "bin/tsc",
                "tsserver": "bin/tsserver"
            },
            "engines": {
                "node": ">=14.17"
            }
        }
    }
}
